// !$*UTF8*$!
{
	archiveVersion = 1;
	classes = {
	};
	objectVersion = 48;
	objects = {

/* Begin PBXBuildFile section */
		439612752061851700D35E4D /* BleItemSliceMessage.swift in Sources */ = {isa = PBXBuildFile; fileRef = 439612742061851700D35E4D /* BleItemSliceMessage.swift */; };
		4396127720625CB100D35E4D /* BleItemHeaderMessage.swift in Sources */ = {isa = PBXBuildFile; fileRef = 4396127620625CB100D35E4D /* BleItemHeaderMessage.swift */; };
		43961279206268E800D35E4D /* BleItemSlices.swift in Sources */ = {isa = PBXBuildFile; fileRef = 43961278206268E800D35E4D /* BleItemSlices.swift */; };
		43D424C4202B000B001F6F39 /* BleMesh.h in Headers */ = {isa = PBXBuildFile; fileRef = 43D424C2202B000B001F6F39 /* BleMesh.h */; settings = {ATTRIBUTES = (Public, ); }; };
		43D424CB202B00D9001F6F39 /* BleLogger.swift in Sources */ = {isa = PBXBuildFile; fileRef = 43D424CA202B00D9001F6F39 /* BleLogger.swift */; };
		43D424CD202B010B001F6F39 /* BleServices.swift in Sources */ = {isa = PBXBuildFile; fileRef = 43D424CC202B010B001F6F39 /* BleServices.swift */; };
		43D424CF202B0136001F6F39 /* BleItem.swift in Sources */ = {isa = PBXBuildFile; fileRef = 43D424CE202B0136001F6F39 /* BleItem.swift */; };
		43D424D1202B0166001F6F39 /* BlePeripheral.swift in Sources */ = {isa = PBXBuildFile; fileRef = 43D424D0202B0166001F6F39 /* BlePeripheral.swift */; };
		43D424D3202B017E001F6F39 /* BleCentral.swift in Sources */ = {isa = PBXBuildFile; fileRef = 43D424D2202B017E001F6F39 /* BleCentral.swift */; };
		43D424D5202B0198001F6F39 /* BleManager.swift in Sources */ = {isa = PBXBuildFile; fileRef = 43D424D4202B0198001F6F39 /* BleManager.swift */; };
		43D424D7202B01BB001F6F39 /* BlePeripheralManager.swift in Sources */ = {isa = PBXBuildFile; fileRef = 43D424D6202B01BB001F6F39 /* BlePeripheralManager.swift */; };
		43D424D9202B01D1001F6F39 /* BleCentralManager.swift in Sources */ = {isa = PBXBuildFile; fileRef = 43D424D8202B01D1001F6F39 /* BleCentralManager.swift */; };
		43D424DB202B021B001F6F39 /* BleTrunksManager.swift in Sources */ = {isa = PBXBuildFile; fileRef = 43D424DA202B021B001F6F39 /* BleTrunksManager.swift */; };
		43D424DD202B024D001F6F39 /* BleHistoryMessage.swift in Sources */ = {isa = PBXBuildFile; fileRef = 43D424DC202B024D001F6F39 /* BleHistoryMessage.swift */; };
		43D424E3202B0409001F6F39 /* MIT_LICENSE in Resources */ = {isa = PBXBuildFile; fileRef = 43D424E0202B0408001F6F39 /* MIT_LICENSE */; };
		43D424E4202B0409001F6F39 /* BleMesh.podspec in Resources */ = {isa = PBXBuildFile; fileRef = 43D424E1202B0408001F6F39 /* BleMesh.podspec */; };
		43D424E5202B0409001F6F39 /* README.md in Resources */ = {isa = PBXBuildFile; fileRef = 43D424E2202B0409001F6F39 /* README.md */; };
/* End PBXBuildFile section */

/* Begin PBXFileReference section */
		439612742061851700D35E4D /* BleItemSliceMessage.swift */ = {isa = PBXFileReference; lastKnownFileType = sourcecode.swift; path = BleItemSliceMessage.swift; sourceTree = "<group>"; };
		4396127620625CB100D35E4D /* BleItemHeaderMessage.swift */ = {isa = PBXFileReference; lastKnownFileType = sourcecode.swift; path = BleItemHeaderMessage.swift; sourceTree = "<group>"; };
		43961278206268E800D35E4D /* BleItemSlices.swift */ = {isa = PBXFileReference; lastKnownFileType = sourcecode.swift; path = BleItemSlices.swift; sourceTree = "<group>"; };
		43D424BF202B000B001F6F39 /* BleMesh.framework */ = {isa = PBXFileReference; explicitFileType = wrapper.framework; includeInIndex = 0; path = BleMesh.framework; sourceTree = BUILT_PRODUCTS_DIR; };
		43D424C2202B000B001F6F39 /* BleMesh.h */ = {isa = PBXFileReference; lastKnownFileType = sourcecode.c.h; path = BleMesh.h; sourceTree = "<group>"; };
		43D424C3202B000B001F6F39 /* Info.plist */ = {isa = PBXFileReference; lastKnownFileType = text.plist.xml; path = Info.plist; sourceTree = "<group>"; };
		43D424CA202B00D9001F6F39 /* BleLogger.swift */ = {isa = PBXFileReference; lastKnownFileType = sourcecode.swift; path = BleLogger.swift; sourceTree = "<group>"; };
		43D424CC202B010B001F6F39 /* BleServices.swift */ = {isa = PBXFileReference; lastKnownFileType = sourcecode.swift; path = BleServices.swift; sourceTree = "<group>"; };
		43D424CE202B0136001F6F39 /* BleItem.swift */ = {isa = PBXFileReference; lastKnownFileType = sourcecode.swift; path = BleItem.swift; sourceTree = "<group>"; };
		43D424D0202B0166001F6F39 /* BlePeripheral.swift */ = {isa = PBXFileReference; lastKnownFileType = sourcecode.swift; path = BlePeripheral.swift; sourceTree = "<group>"; };
		43D424D2202B017E001F6F39 /* BleCentral.swift */ = {isa = PBXFileReference; lastKnownFileType = sourcecode.swift; path = BleCentral.swift; sourceTree = "<group>"; };
		43D424D4202B0198001F6F39 /* BleManager.swift */ = {isa = PBXFileReference; lastKnownFileType = sourcecode.swift; path = BleManager.swift; sourceTree = "<group>"; };
		43D424D6202B01BB001F6F39 /* BlePeripheralManager.swift */ = {isa = PBXFileReference; lastKnownFileType = sourcecode.swift; path = BlePeripheralManager.swift; sourceTree = "<group>"; };
		43D424D8202B01D1001F6F39 /* BleCentralManager.swift */ = {isa = PBXFileReference; lastKnownFileType = sourcecode.swift; path = BleCentralManager.swift; sourceTree = "<group>"; };
		43D424DA202B021B001F6F39 /* BleTrunksManager.swift */ = {isa = PBXFileReference; lastKnownFileType = sourcecode.swift; path = BleTrunksManager.swift; sourceTree = "<group>"; };
		43D424DC202B024D001F6F39 /* BleHistoryMessage.swift */ = {isa = PBXFileReference; lastKnownFileType = sourcecode.swift; path = BleHistoryMessage.swift; sourceTree = "<group>"; };
		43D424E0202B0408001F6F39 /* MIT_LICENSE */ = {isa = PBXFileReference; fileEncoding = 4; lastKnownFileType = text; path = MIT_LICENSE; sourceTree = "<group>"; };
		43D424E1202B0408001F6F39 /* BleMesh.podspec */ = {isa = PBXFileReference; fileEncoding = 4; lastKnownFileType = text; path = BleMesh.podspec; sourceTree = "<group>"; xcLanguageSpecificationIdentifier = xcode.lang.ruby; };
		43D424E2202B0409001F6F39 /* README.md */ = {isa = PBXFileReference; fileEncoding = 4; lastKnownFileType = net.daringfireball.markdown; path = README.md; sourceTree = "<group>"; };
/* End PBXFileReference section */

/* Begin PBXFrameworksBuildPhase section */
		43D424BB202B000B001F6F39 /* Frameworks */ = {
			isa = PBXFrameworksBuildPhase;
			buildActionMask = 2147483647;
			files = (
			);
			runOnlyForDeploymentPostprocessing = 0;
		};
/* End PBXFrameworksBuildPhase section */

/* Begin PBXGroup section */
		43D424B5202B000B001F6F39 = {
			isa = PBXGroup;
			children = (
				43D424E1202B0408001F6F39 /* BleMesh.podspec */,
				43D424E0202B0408001F6F39 /* MIT_LICENSE */,
				43D424E2202B0409001F6F39 /* README.md */,
				43D424C1202B000B001F6F39 /* BleMesh */,
				43D424C0202B000B001F6F39 /* Products */,
			);
			sourceTree = "<group>";
		};
		43D424C0202B000B001F6F39 /* Products */ = {
			isa = PBXGroup;
			children = (
				43D424BF202B000B001F6F39 /* BleMesh.framework */,
			);
			name = Products;
			sourceTree = "<group>";
		};
		43D424C1202B000B001F6F39 /* BleMesh */ = {
			isa = PBXGroup;
			children = (
				43D424CA202B00D9001F6F39 /* BleLogger.swift */,
				43D424CC202B010B001F6F39 /* BleServices.swift */,
				43D424CE202B0136001F6F39 /* BleItem.swift */,
				43961278206268E800D35E4D /* BleItemSlices.swift */,
				43D424D0202B0166001F6F39 /* BlePeripheral.swift */,
				43D424D2202B017E001F6F39 /* BleCentral.swift */,
				43D424D4202B0198001F6F39 /* BleManager.swift */,
				43D424D6202B01BB001F6F39 /* BlePeripheralManager.swift */,
				43D424D8202B01D1001F6F39 /* BleCentralManager.swift */,
				43D424DA202B021B001F6F39 /* BleTrunksManager.swift */,
				43D424DC202B024D001F6F39 /* BleHistoryMessage.swift */,
				439612742061851700D35E4D /* BleItemSliceMessage.swift */,
				4396127620625CB100D35E4D /* BleItemHeaderMessage.swift */,
				43D424C2202B000B001F6F39 /* BleMesh.h */,
				43D424C3202B000B001F6F39 /* Info.plist */,
			);
			path = BleMesh;
			sourceTree = "<group>";
		};
/* End PBXGroup section */

/* Begin PBXHeadersBuildPhase section */
		43D424BC202B000B001F6F39 /* Headers */ = {
			isa = PBXHeadersBuildPhase;
			buildActionMask = 2147483647;
			files = (
				43D424C4202B000B001F6F39 /* BleMesh.h in Headers */,
			);
			runOnlyForDeploymentPostprocessing = 0;
		};
/* End PBXHeadersBuildPhase section */

/* Begin PBXNativeTarget section */
		43D424BE202B000B001F6F39 /* BleMesh */ = {
			isa = PBXNativeTarget;
			buildConfigurationList = 43D424C7202B000B001F6F39 /* Build configuration list for PBXNativeTarget "BleMesh" */;
			buildPhases = (
				43D424BA202B000B001F6F39 /* Sources */,
				43D424BB202B000B001F6F39 /* Frameworks */,
				43D424BC202B000B001F6F39 /* Headers */,
				43D424BD202B000B001F6F39 /* Resources */,
			);
			buildRules = (
			);
			dependencies = (
			);
			name = BleMesh;
			productName = BleMesh;
			productReference = 43D424BF202B000B001F6F39 /* BleMesh.framework */;
			productType = "com.apple.product-type.framework";
		};
/* End PBXNativeTarget section */

/* Begin PBXProject section */
		43D424B6202B000B001F6F39 /* Project object */ = {
			isa = PBXProject;
			attributes = {
				LastUpgradeCheck = 0930;
				ORGANIZATIONNAME = "Air France";
				TargetAttributes = {
					43D424BE202B000B001F6F39 = {
						CreatedOnToolsVersion = 9.2;
						LastSwiftMigration = 1120;
						ProvisioningStyle = Automatic;
					};
				};
			};
			buildConfigurationList = 43D424B9202B000B001F6F39 /* Build configuration list for PBXProject "BleMesh" */;
			compatibilityVersion = "Xcode 8.0";
			developmentRegion = en;
			hasScannedForEncodings = 0;
			knownRegions = (
				en,
				Base,
			);
			mainGroup = 43D424B5202B000B001F6F39;
			productRefGroup = 43D424C0202B000B001F6F39 /* Products */;
			projectDirPath = "";
			projectRoot = "";
			targets = (
				43D424BE202B000B001F6F39 /* BleMesh */,
			);
		};
/* End PBXProject section */

/* Begin PBXResourcesBuildPhase section */
		43D424BD202B000B001F6F39 /* Resources */ = {
			isa = PBXResourcesBuildPhase;
			buildActionMask = 2147483647;
			files = (
				43D424E5202B0409001F6F39 /* README.md in Resources */,
				43D424E3202B0409001F6F39 /* MIT_LICENSE in Resources */,
				43D424E4202B0409001F6F39 /* BleMesh.podspec in Resources */,
			);
			runOnlyForDeploymentPostprocessing = 0;
		};
/* End PBXResourcesBuildPhase section */

/* Begin PBXSourcesBuildPhase section */
		43D424BA202B000B001F6F39 /* Sources */ = {
			isa = PBXSourcesBuildPhase;
			buildActionMask = 2147483647;
			files = (
				43D424DD202B024D001F6F39 /* BleHistoryMessage.swift in Sources */,
				43D424DB202B021B001F6F39 /* BleTrunksManager.swift in Sources */,
				43D424CF202B0136001F6F39 /* BleItem.swift in Sources */,
				43D424CB202B00D9001F6F39 /* BleLogger.swift in Sources */,
				43D424D3202B017E001F6F39 /* BleCentral.swift in Sources */,
				43D424D9202B01D1001F6F39 /* BleCentralManager.swift in Sources */,
				43D424CD202B010B001F6F39 /* BleServices.swift in Sources */,
				4396127720625CB100D35E4D /* BleItemHeaderMessage.swift in Sources */,
				43D424D1202B0166001F6F39 /* BlePeripheral.swift in Sources */,
				439612752061851700D35E4D /* BleItemSliceMessage.swift in Sources */,
				43961279206268E800D35E4D /* BleItemSlices.swift in Sources */,
				43D424D7202B01BB001F6F39 /* BlePeripheralManager.swift in Sources */,
				43D424D5202B0198001F6F39 /* BleManager.swift in Sources */,
			);
			runOnlyForDeploymentPostprocessing = 0;
		};
/* End PBXSourcesBuildPhase section */

/* Begin XCBuildConfiguration section */
		43D424C5202B000B001F6F39 /* Debug */ = {
			isa = XCBuildConfiguration;
			buildSettings = {
				ALWAYS_SEARCH_USER_PATHS = NO;
				CLANG_ANALYZER_NONNULL = YES;
				CLANG_ANALYZER_NUMBER_OBJECT_CONVERSION = YES_AGGRESSIVE;
				CLANG_CXX_LANGUAGE_STANDARD = "gnu++14";
				CLANG_CXX_LIBRARY = "libc++";
				CLANG_ENABLE_MODULES = YES;
				CLANG_ENABLE_OBJC_ARC = YES;
				CLANG_WARN_BLOCK_CAPTURE_AUTORELEASING = YES;
				CLANG_WARN_BOOL_CONVERSION = YES;
				CLANG_WARN_COMMA = YES;
				CLANG_WARN_CONSTANT_CONVERSION = YES;
				CLANG_WARN_DEPRECATED_OBJC_IMPLEMENTATIONS = YES;
				CLANG_WARN_DIRECT_OBJC_ISA_USAGE = YES_ERROR;
				CLANG_WARN_DOCUMENTATION_COMMENTS = YES;
				CLANG_WARN_EMPTY_BODY = YES;
				CLANG_WARN_ENUM_CONVERSION = YES;
				CLANG_WARN_INFINITE_RECURSION = YES;
				CLANG_WARN_INT_CONVERSION = YES;
				CLANG_WARN_NON_LITERAL_NULL_CONVERSION = YES;
				CLANG_WARN_OBJC_IMPLICIT_RETAIN_SELF = YES;
				CLANG_WARN_OBJC_LITERAL_CONVERSION = YES;
				CLANG_WARN_OBJC_ROOT_CLASS = YES_ERROR;
				CLANG_WARN_RANGE_LOOP_ANALYSIS = YES;
				CLANG_WARN_STRICT_PROTOTYPES = YES;
				CLANG_WARN_SUSPICIOUS_MOVE = YES;
				CLANG_WARN_UNGUARDED_AVAILABILITY = YES_AGGRESSIVE;
				CLANG_WARN_UNREACHABLE_CODE = YES;
				CLANG_WARN__DUPLICATE_METHOD_MATCH = YES;
				CODE_SIGN_IDENTITY = "iPhone Developer";
				COPY_PHASE_STRIP = NO;
				CURRENT_PROJECT_VERSION = 1;
				DEBUG_INFORMATION_FORMAT = dwarf;
				ENABLE_STRICT_OBJC_MSGSEND = YES;
				ENABLE_TESTABILITY = YES;
				GCC_C_LANGUAGE_STANDARD = gnu11;
				GCC_DYNAMIC_NO_PIC = NO;
				GCC_NO_COMMON_BLOCKS = YES;
				GCC_OPTIMIZATION_LEVEL = 0;
				GCC_PREPROCESSOR_DEFINITIONS = (
					"DEBUG=1",
					"$(inherited)",
				);
				GCC_WARN_64_TO_32_BIT_CONVERSION = YES;
				GCC_WARN_ABOUT_RETURN_TYPE = YES_ERROR;
				GCC_WARN_UNDECLARED_SELECTOR = YES;
				GCC_WARN_UNINITIALIZED_AUTOS = YES_AGGRESSIVE;
				GCC_WARN_UNUSED_FUNCTION = YES;
				GCC_WARN_UNUSED_VARIABLE = YES;
				IPHONEOS_DEPLOYMENT_TARGET = 11.0;
				MTL_ENABLE_DEBUG_INFO = YES;
				ONLY_ACTIVE_ARCH = YES;
				SDKROOT = iphoneos;
				SWIFT_ACTIVE_COMPILATION_CONDITIONS = DEBUG;
				SWIFT_OPTIMIZATION_LEVEL = "-Onone";
				VERSIONING_SYSTEM = "apple-generic";
				VERSION_INFO_PREFIX = "";
			};
			name = Debug;
		};
		43D424C6202B000B001F6F39 /* Release */ = {
			isa = XCBuildConfiguration;
			buildSettings = {
				ALWAYS_SEARCH_USER_PATHS = NO;
				CLANG_ANALYZER_NONNULL = YES;
				CLANG_ANALYZER_NUMBER_OBJECT_CONVERSION = YES_AGGRESSIVE;
				CLANG_CXX_LANGUAGE_STANDARD = "gnu++14";
				CLANG_CXX_LIBRARY = "libc++";
				CLANG_ENABLE_MODULES = YES;
				CLANG_ENABLE_OBJC_ARC = YES;
				CLANG_WARN_BLOCK_CAPTURE_AUTORELEASING = YES;
				CLANG_WARN_BOOL_CONVERSION = YES;
				CLANG_WARN_COMMA = YES;
				CLANG_WARN_CONSTANT_CONVERSION = YES;
				CLANG_WARN_DEPRECATED_OBJC_IMPLEMENTATIONS = YES;
				CLANG_WARN_DIRECT_OBJC_ISA_USAGE = YES_ERROR;
				CLANG_WARN_DOCUMENTATION_COMMENTS = YES;
				CLANG_WARN_EMPTY_BODY = YES;
				CLANG_WARN_ENUM_CONVERSION = YES;
				CLANG_WARN_INFINITE_RECURSION = YES;
				CLANG_WARN_INT_CONVERSION = YES;
				CLANG_WARN_NON_LITERAL_NULL_CONVERSION = YES;
				CLANG_WARN_OBJC_IMPLICIT_RETAIN_SELF = YES;
				CLANG_WARN_OBJC_LITERAL_CONVERSION = YES;
				CLANG_WARN_OBJC_ROOT_CLASS = YES_ERROR;
				CLANG_WARN_RANGE_LOOP_ANALYSIS = YES;
				CLANG_WARN_STRICT_PROTOTYPES = YES;
				CLANG_WARN_SUSPICIOUS_MOVE = YES;
				CLANG_WARN_UNGUARDED_AVAILABILITY = YES_AGGRESSIVE;
				CLANG_WARN_UNREACHABLE_CODE = YES;
				CLANG_WARN__DUPLICATE_METHOD_MATCH = YES;
				CODE_SIGN_IDENTITY = "iPhone Developer";
				COPY_PHASE_STRIP = NO;
				CURRENT_PROJECT_VERSION = 1;
				DEBUG_INFORMATION_FORMAT = "dwarf-with-dsym";
				ENABLE_NS_ASSERTIONS = NO;
				ENABLE_STRICT_OBJC_MSGSEND = YES;
				GCC_C_LANGUAGE_STANDARD = gnu11;
				GCC_NO_COMMON_BLOCKS = YES;
				GCC_WARN_64_TO_32_BIT_CONVERSION = YES;
				GCC_WARN_ABOUT_RETURN_TYPE = YES_ERROR;
				GCC_WARN_UNDECLARED_SELECTOR = YES;
				GCC_WARN_UNINITIALIZED_AUTOS = YES_AGGRESSIVE;
				GCC_WARN_UNUSED_FUNCTION = YES;
				GCC_WARN_UNUSED_VARIABLE = YES;
				IPHONEOS_DEPLOYMENT_TARGET = 11.0;
				MTL_ENABLE_DEBUG_INFO = NO;
				SDKROOT = iphoneos;
				SWIFT_OPTIMIZATION_LEVEL = "-Owholemodule";
				VALIDATE_PRODUCT = YES;
				VERSIONING_SYSTEM = "apple-generic";
				VERSION_INFO_PREFIX = "";
			};
			name = Release;
		};
		43D424C8202B000B001F6F39 /* Debug */ = {
			isa = XCBuildConfiguration;
			buildSettings = {
				CLANG_ENABLE_MODULES = YES;
				CODE_SIGN_IDENTITY = "";
				CODE_SIGN_STYLE = Automatic;
				DEFINES_MODULE = YES;
				DYLIB_COMPATIBILITY_VERSION = 1;
				DYLIB_CURRENT_VERSION = 1;
				DYLIB_INSTALL_NAME_BASE = "@rpath";
				INFOPLIST_FILE = BleMesh/Info.plist;
				INSTALL_PATH = "$(LOCAL_LIBRARY_DIR)/Frameworks";
				IPHONEOS_DEPLOYMENT_TARGET = 9.0;
				LD_RUNPATH_SEARCH_PATHS = "$(inherited) @executable_path/Frameworks @loader_path/Frameworks";
				PRODUCT_BUNDLE_IDENTIFIER = com.airfrance.mobile.inhouse.BleMesh;
				PRODUCT_NAME = "$(TARGET_NAME:c99extidentifier)";
				SKIP_INSTALL = YES;
				SWIFT_OPTIMIZATION_LEVEL = "-Onone";
				SWIFT_VERSION = 5.0;
				TARGETED_DEVICE_FAMILY = "1,2";
			};
			name = Debug;
		};
		43D424C9202B000B001F6F39 /* Release */ = {
			isa = XCBuildConfiguration;
			buildSettings = {
				CLANG_ENABLE_MODULES = YES;
				CODE_SIGN_IDENTITY = "";
				CODE_SIGN_STYLE = Automatic;
				DEFINES_MODULE = YES;
				DYLIB_COMPATIBILITY_VERSION = 1;
				DYLIB_CURRENT_VERSION = 1;
				DYLIB_INSTALL_NAME_BASE = "@rpath";
				INFOPLIST_FILE = BleMesh/Info.plist;
				INSTALL_PATH = "$(LOCAL_LIBRARY_DIR)/Frameworks";
				IPHONEOS_DEPLOYMENT_TARGET = 9.0;
				LD_RUNPATH_SEARCH_PATHS = "$(inherited) @executable_path/Frameworks @loader_path/Frameworks";
				PRODUCT_BUNDLE_IDENTIFIER = com.airfrance.mobile.inhouse.BleMesh;
				PRODUCT_NAME = "$(TARGET_NAME:c99extidentifier)";
				SKIP_INSTALL = YES;
				SWIFT_VERSION = 5.0;
				TARGETED_DEVICE_FAMILY = "1,2";
			};
			name = Release;
		};
/* End XCBuildConfiguration section */

/* Begin XCConfigurationList section */
		43D424B9202B000B001F6F39 /* Build configuration list for PBXProject "BleMesh" */ = {
			isa = XCConfigurationList;
			buildConfigurations = (
				43D424C5202B000B001F6F39 /* Debug */,
				43D424C6202B000B001F6F39 /* Release */,
			);
			defaultConfigurationIsVisible = 0;
			defaultConfigurationName = Release;
		};
		43D424C7202B000B001F6F39 /* Build configuration list for PBXNativeTarget "BleMesh" */ = {
			isa = XCConfigurationList;
			buildConfigurations = (
				43D424C8202B000B001F6F39 /* Debug */,
				43D424C9202B000B001F6F39 /* Release */,
			);
			defaultConfigurationIsVisible = 0;
			defaultConfigurationName = Release;
		};
/* End XCConfigurationList section */
	};
	rootObject = 43D424B6202B000B001F6F39 /* Project object */;
}
